
Microsoft Visual Studio Solution File, Format Version 12.00
# Visual Studio Version 17
VisualStudioVersion = 17.6.33723.286
MinimumVisualStudioVersion = 10.0.40219.1
Project("{9A19103F-16F7-4668-BE54-9A1E7A4F7556}") = "API", "API\API.csproj", "{36EE2AEC-3C20-4CC7-A1B1-A270D47AB102}"
EndProject
Project("{FAE04EC0-301F-11D3-BF4B-00C04F79EFBC}") = "Client", "Client\Client.csproj", "{B3A55A3E-A87E-4637-ADC9-87C614F8692B}"
EndProject
Global
	GlobalSection(SolutionConfigurationPlatforms) = preSolution
		Debug|Any CPU = Debug|Any CPU
		Release|Any CPU = Release|Any CPU
	EndGlobalSection
	GlobalSection(ProjectConfigurationPlatforms) = postSolution
		{36EE2AEC-3C20-4CC7-A1B1-A270D47AB102}.Debug|Any CPU.ActiveCfg = Debug|Any CPU
		{36EE2AEC-3C20-4CC7-A1B1-A270D47AB102}.Debug|Any CPU.Build.0 = Debug|Any CPU
		{36EE2AEC-3C20-4CC7-A1B1-A270D47AB102}.Release|Any CPU.ActiveCfg = Release|Any CPU
		{36EE2AEC-3C20-4CC7-A1B1-A270D47AB102}.Release|Any CPU.Build.0 = Release|Any CPU
		{B3A55A3E-A87E-4637-ADC9-87C614F8692B}.Debug|Any CPU.ActiveCfg = Debug|Any CPU
		{B3A55A3E-A87E-4637-ADC9-87C614F8692B}.Debug|Any CPU.Build.0 = Debug|Any CPU
		{B3A55A3E-A87E-4637-ADC9-87C614F8692B}.Release|Any CPU.ActiveCfg = Release|Any CPU
		{B3A55A3E-A87E-4637-ADC9-87C614F8692B}.Release|Any CPU.Build.0 = Release|Any CPU
	EndGlobalSection
	GlobalSection(SolutionProperties) = preSolution
		HideSolutionNode = FALSE
	EndGlobalSection
	GlobalSection(ExtensibilityGlobals) = postSolution
		SolutionGuid = {9409C3E0-3308-4194-9067-C1EE9E46986C}
	EndGlobalSection
EndGlobal
